
Microsoft Visual Studio Solution File, Format Version 12.00
# Visual Studio Version 17
VisualStudioVersion = 17.10.34928.147
MinimumVisualStudioVersion = 10.0.40219.1
Project("{FAE04EC0-301F-11D3-BF4B-00C04F79EFBC}") = "SingletonHw", "SingletonHw\SingletonHw.csproj", "{EB784F6D-8E23-4089-9599-7301CE57B68C}"
EndProject
Global
	GlobalSection(SolutionConfigurationPlatforms) = preSolution
		Debug|Any CPU = Debug|Any CPU
		Release|Any CPU = Release|Any CPU
	EndGlobalSection
	GlobalSection(ProjectConfigurationPlatforms) = postSolution
		{EB784F6D-8E23-4089-9599-7301CE57B68C}.Debug|Any CPU.ActiveCfg = Debug|Any CPU
		{EB784F6D-8E23-4089-9599-7301CE57B68C}.Debug|Any CPU.Build.0 = Debug|Any CPU
		{EB784F6D-8E23-4089-9599-7301CE57B68C}.Release|Any CPU.ActiveCfg = Release|Any CPU
		{EB784F6D-8E23-4089-9599-7301CE57B68C}.Release|Any CPU.Build.0 = Release|Any CPU
	EndGlobalSection
	GlobalSection(SolutionProperties) = preSolution
		HideSolutionNode = FALSE
	EndGlobalSection
	GlobalSection(ExtensibilityGlobals) = postSolution
		SolutionGuid = {3E0C51E9-5D8B-4DBD-BB5C-71C568617C84}
	EndGlobalSection
EndGlobal
